{
  "version": 4,
  "terraform_version": "1.0.1",
  "serial": 5,
  "lineage": "d230a636-3c54-4c94-c7eb-72461c483327",
  "outputs": {
    "rg_name_main": {
      "value": "rg-demomod101-eus-azr-01",
      "type": "string"
    },
    "vnet_main": {
      "value": {
        "vnet_alpha": {
          "address_space": [
            "10.0.0.0/19"
          ],
          "bgp_community": "",
          "ddos_protection_plan": [],
          "dns_servers": [],
          "guid": "92aa2d93-6587-4317-907f-03ae36c37457",
          "id": "/subscriptions/6df8a527-d5f6-4e32-bec8-08be5fc2e1f2/resourceGroups/rg-demomod101-eus-azr-01/providers/Microsoft.Network/virtualNetworks/vnet-modules-01",
          "location": "eastus",
          "name": "vnet-modules-01",
          "resource_group_name": "rg-demomod101-eus-azr-01",
          "subnet": [
            {
              "address_prefix": "10.0.0.0/24",
              "id": "/subscriptions/6df8a527-d5f6-4e32-bec8-08be5fc2e1f2/resourceGroups/rg-demomod101-eus-azr-01/providers/Microsoft.Network/virtualNetworks/vnet-modules-01/subnets/subnet-web-01",
              "name": "subnet-web-01",
              "security_group": ""
            },
            {
              "address_prefix": "10.0.1.0/24",
              "id": "/subscriptions/6df8a527-d5f6-4e32-bec8-08be5fc2e1f2/resourceGroups/rg-demomod101-eus-azr-01/providers/Microsoft.Network/virtualNetworks/vnet-modules-01/subnets/subnet-web-02",
              "name": "subnet-web-02",
              "security_group": ""
            },
            {
              "address_prefix": "10.0.2.0/24",
              "id": "/subscriptions/6df8a527-d5f6-4e32-bec8-08be5fc2e1f2/resourceGroups/rg-demomod101-eus-azr-01/providers/Microsoft.Network/virtualNetworks/vnet-modules-01/subnets/subnet-web-03",
              "name": "subnet-web-03",
              "security_group": ""
            }
          ],
          "tags": null,
          "timeouts": null,
          "vm_protection_enabled": false
        }
      },
      "type": [
        "object",
        {
          "vnet_alpha": [
            "object",
            {
              "address_space": [
                "list",
                "string"
              ],
              "bgp_community": "string",
              "ddos_protection_plan": [
                "list",
                [
                  "object",
                  {
                    "enable": "bool",
                    "id": "string"
                  }
                ]
              ],
              "dns_servers": [
                "list",
                "string"
              ],
              "guid": "string",
              "id": "string",
              "location": "string",
              "name": "string",
              "resource_group_name": "string",
              "subnet": [
                "set",
                [
                  "object",
                  {
                    "address_prefix": "string",
                    "id": "string",
                    "name": "string",
                    "security_group": "string"
                  }
                ]
              ],
              "tags": [
                "map",
                "string"
              ],
              "timeouts": [
                "object",
                {
                  "create": "string",
                  "delete": "string",
                  "read": "string",
                  "update": "string"
                }
              ],
              "vm_protection_enabled": "bool"
            }
          ]
        }
      ]
    }
  },
  "resources": [
    {
      "module": "module.resgrp",
      "mode": "managed",
      "type": "azurerm_resource_group",
      "name": "rg",
      "provider": "provider[\"registry.terraform.io/hashicorp/azurerm\"]",
      "instances": [
        {
          "schema_version": 0,
          "attributes": {
            "id": "/subscriptions/6df8a527-d5f6-4e32-bec8-08be5fc2e1f2/resourceGroups/rg-demomod101-eus-azr-01",
            "location": "eastus",
            "name": "rg-demomod101-eus-azr-01",
            "tags": {
              "Environment": "Sandbox",
              "Location": "EastUS",
              "Owner": "HashiCorp"
            },
            "timeouts": null
          },
          "sensitive_attributes": [],
          "private": "eyJlMmJmYjczMC1lY2FhLTExZTYtOGY4OC0zNDM2M2JjN2M0YzAiOnsiY3JlYXRlIjo1NDAwMDAwMDAwMDAwLCJkZWxldGUiOjU0MDAwMDAwMDAwMDAsInJlYWQiOjMwMDAwMDAwMDAwMCwidXBkYXRlIjo1NDAwMDAwMDAwMDAwfX0="
        }
      ]
    },
    {
      "module": "module.storage",
      "mode": "managed",
      "type": "azurerm_storage_account",
      "name": "strg",
      "provider": "provider[\"registry.terraform.io/hashicorp/azurerm\"].labs",
      "instances": [
        {
          "index_key": "account_alpha",
          "schema_version": 2,
          "attributes": {
            "access_tier": "Hot",
            "account_kind": "StorageV2",
            "account_replication_type": "LRS",
            "account_tier": "Standard",
            "allow_blob_public_access": false,
            "azure_files_authentication": [],
            "blob_properties": [
              {
                "change_feed_enabled": false,
                "container_delete_retention_policy": [],
                "cors_rule": [],
                "default_service_version": "",
                "delete_retention_policy": [],
                "last_access_time_enabled": false,
                "versioning_enabled": false
              }
            ],
            "custom_domain": [],
            "enable_https_traffic_only": true,
            "id": "/subscriptions/6df8a527-d5f6-4e32-bec8-08be5fc2e1f2/resourceGroups/rg-demomod101-eus-azr-01/providers/Microsoft.Storage/storageAccounts/stgdevshowdemo001",
            "identity": [],
            "is_hns_enabled": false,
            "large_file_share_enabled": null,
            "location": "eastus",
            "min_tls_version": "TLS1_0",
            "name": "stgdevshowdemo001",
            "network_rules": [
              {
                "bypass": [
                  "AzureServices"
                ],
                "default_action": "Allow",
                "ip_rules": [],
                "private_link_access": [],
                "virtual_network_subnet_ids": []
              }
            ],
            "nfsv3_enabled": false,
            "primary_access_key": "bFzzSLqGUi7HnT7mOhdGkoCteqt/m2vd5d/KS7XI5KGPnNPn7j2+rSEe0cGNJBePDH1yl+glZLiq4y7F58ddOA==",
            "primary_blob_connection_string": "DefaultEndpointsProtocol=https;BlobEndpoint=https://stgdevshowdemo001.blob.core.windows.net/;AccountName=stgdevshowdemo001;AccountKey=bFzzSLqGUi7HnT7mOhdGkoCteqt/m2vd5d/KS7XI5KGPnNPn7j2+rSEe0cGNJBePDH1yl+glZLiq4y7F58ddOA==",
            "primary_blob_endpoint": "https://stgdevshowdemo001.blob.core.windows.net/",
            "primary_blob_host": "stgdevshowdemo001.blob.core.windows.net",
            "primary_connection_string": "DefaultEndpointsProtocol=https;AccountName=stgdevshowdemo001;AccountKey=bFzzSLqGUi7HnT7mOhdGkoCteqt/m2vd5d/KS7XI5KGPnNPn7j2+rSEe0cGNJBePDH1yl+glZLiq4y7F58ddOA==;EndpointSuffix=core.windows.net",
            "primary_dfs_endpoint": "https://stgdevshowdemo001.dfs.core.windows.net/",
            "primary_dfs_host": "stgdevshowdemo001.dfs.core.windows.net",
            "primary_file_endpoint": "https://stgdevshowdemo001.file.core.windows.net/",
            "primary_file_host": "stgdevshowdemo001.file.core.windows.net",
            "primary_location": "eastus",
            "primary_queue_endpoint": "https://stgdevshowdemo001.queue.core.windows.net/",
            "primary_queue_host": "stgdevshowdemo001.queue.core.windows.net",
            "primary_table_endpoint": "https://stgdevshowdemo001.table.core.windows.net/",
            "primary_table_host": "stgdevshowdemo001.table.core.windows.net",
            "primary_web_endpoint": "https://stgdevshowdemo001.z13.web.core.windows.net/",
            "primary_web_host": "stgdevshowdemo001.z13.web.core.windows.net",
            "queue_properties": [
              {
                "cors_rule": [],
                "hour_metrics": [
                  {
                    "enabled": true,
                    "include_apis": true,
                    "retention_policy_days": 7,
                    "version": "1.0"
                  }
                ],
                "logging": [
                  {
                    "delete": false,
                    "read": false,
                    "retention_policy_days": 0,
                    "version": "1.0",
                    "write": false
                  }
                ],
                "minute_metrics": [
                  {
                    "enabled": false,
                    "include_apis": false,
                    "retention_policy_days": 0,
                    "version": "1.0"
                  }
                ]
              }
            ],
            "resource_group_name": "rg-demomod101-eus-azr-01",
            "routing": [],
            "secondary_access_key": "ee2/d0kUvqruiX1HOqJJ+1yJlxn33QnjIvWRtjbZW12BZ613P29mIhCAyEYXHB5TMc+zDke3kctLN4tM2r0VVA==",
            "secondary_blob_connection_string": "",
            "secondary_blob_endpoint": null,
            "secondary_blob_host": null,
            "secondary_connection_string": "DefaultEndpointsProtocol=https;AccountName=stgdevshowdemo001;AccountKey=ee2/d0kUvqruiX1HOqJJ+1yJlxn33QnjIvWRtjbZW12BZ613P29mIhCAyEYXHB5TMc+zDke3kctLN4tM2r0VVA==;EndpointSuffix=core.windows.net",
            "secondary_dfs_endpoint": null,
            "secondary_dfs_host": null,
            "secondary_file_endpoint": null,
            "secondary_file_host": null,
            "secondary_location": "",
            "secondary_queue_endpoint": null,
            "secondary_queue_host": null,
            "secondary_table_endpoint": null,
            "secondary_table_host": null,
            "secondary_web_endpoint": null,
            "secondary_web_host": null,
            "share_properties": [
              {
                "cors_rule": [],
                "retention_policy": [
                  {
                    "days": 7
                  }
                ],
                "smb": []
              }
            ],
            "shared_access_key_enabled": true,
            "static_website": [],
            "tags": null,
            "timeouts": null
          },
          "sensitive_attributes": [],
          "private": "eyJlMmJmYjczMC1lY2FhLTExZTYtOGY4OC0zNDM2M2JjN2M0YzAiOnsiY3JlYXRlIjozNjAwMDAwMDAwMDAwLCJkZWxldGUiOjM2MDAwMDAwMDAwMDAsInJlYWQiOjMwMDAwMDAwMDAwMCwidXBkYXRlIjozNjAwMDAwMDAwMDAwfSwic2NoZW1hX3ZlcnNpb24iOiIyIn0=",
          "dependencies": [
            "module.resgrp.azurerm_resource_group.rg"
          ]
        }
      ]
    },
    {
      "module": "module.storage",
      "mode": "managed",
      "type": "azurerm_storage_container",
      "name": "strgcntnrs",
      "provider": "provider[\"registry.terraform.io/hashicorp/azurerm\"].labs",
      "instances": [
        {
          "index_key": "container_alpha",
          "schema_version": 1,
          "attributes": {
            "container_access_type": "private",
            "has_immutability_policy": false,
            "has_legal_hold": false,
            "id": "https://stgdevshowdemo001.blob.core.windows.net/democontainer01",
            "metadata": {},
            "name": "democontainer01",
            "resource_manager_id": "/subscriptions/6df8a527-d5f6-4e32-bec8-08be5fc2e1f2/resourceGroups/rg-demomod101-eus-azr-01/providers/Microsoft.Storage/storageAccounts/stgdevshowdemo001/blobServices/default/containers/democontainer01",
            "storage_account_name": "stgdevshowdemo001",
            "timeouts": null
          },
          "sensitive_attributes": [],
          "private": "eyJlMmJmYjczMC1lY2FhLTExZTYtOGY4OC0zNDM2M2JjN2M0YzAiOnsiY3JlYXRlIjoxODAwMDAwMDAwMDAwLCJkZWxldGUiOjE4MDAwMDAwMDAwMDAsInJlYWQiOjMwMDAwMDAwMDAwMCwidXBkYXRlIjoxODAwMDAwMDAwMDAwfSwic2NoZW1hX3ZlcnNpb24iOiIxIn0=",
          "dependencies": [
            "module.resgrp.azurerm_resource_group.rg",
            "module.storage.azurerm_storage_account.strg"
          ]
        }
      ]
    },
    {
      "module": "module.vnets",
      "mode": "managed",
      "type": "azurerm_virtual_network",
      "name": "vnets",
      "provider": "provider[\"registry.terraform.io/hashicorp/azurerm\"]",
      "instances": [
        {
          "index_key": "vnet_alpha",
          "schema_version": 0,
          "attributes": {
            "address_space": [
              "10.0.0.0/19"
            ],
            "bgp_community": "",
            "ddos_protection_plan": [],
            "dns_servers": [],
            "guid": "92aa2d93-6587-4317-907f-03ae36c37457",
            "id": "/subscriptions/6df8a527-d5f6-4e32-bec8-08be5fc2e1f2/resourceGroups/rg-demomod101-eus-azr-01/providers/Microsoft.Network/virtualNetworks/vnet-modules-01",
            "location": "eastus",
            "name": "vnet-modules-01",
            "resource_group_name": "rg-demomod101-eus-azr-01",
            "subnet": [
              {
                "address_prefix": "10.0.0.0/24",
                "id": "/subscriptions/6df8a527-d5f6-4e32-bec8-08be5fc2e1f2/resourceGroups/rg-demomod101-eus-azr-01/providers/Microsoft.Network/virtualNetworks/vnet-modules-01/subnets/subnet-web-01",
                "name": "subnet-web-01",
                "security_group": ""
              },
              {
                "address_prefix": "10.0.1.0/24",
                "id": "/subscriptions/6df8a527-d5f6-4e32-bec8-08be5fc2e1f2/resourceGroups/rg-demomod101-eus-azr-01/providers/Microsoft.Network/virtualNetworks/vnet-modules-01/subnets/subnet-web-02",
                "name": "subnet-web-02",
                "security_group": ""
              },
              {
                "address_prefix": "10.0.2.0/24",
                "id": "/subscriptions/6df8a527-d5f6-4e32-bec8-08be5fc2e1f2/resourceGroups/rg-demomod101-eus-azr-01/providers/Microsoft.Network/virtualNetworks/vnet-modules-01/subnets/subnet-web-03",
                "name": "subnet-web-03",
                "security_group": ""
              }
            ],
            "tags": null,
            "timeouts": null,
            "vm_protection_enabled": false
          },
          "sensitive_attributes": [],
          "private": "eyJlMmJmYjczMC1lY2FhLTExZTYtOGY4OC0zNDM2M2JjN2M0YzAiOnsiY3JlYXRlIjoxODAwMDAwMDAwMDAwLCJkZWxldGUiOjE4MDAwMDAwMDAwMDAsInJlYWQiOjMwMDAwMDAwMDAwMCwidXBkYXRlIjoxODAwMDAwMDAwMDAwfX0=",
          "dependencies": [
            "module.resgrp.azurerm_resource_group.rg"
          ]
        }
      ]
    }
  ]
}
